
Microsoft Visual Studio Solution File, Format Version 12.00
# Visual Studio Version 17
VisualStudioVersion = 17.11.35208.52
MinimumVisualStudioVersion = 10.0.40219.1
Project("{FAE04EC0-301F-11D3-BF4B-00C04F79EFBC}") = "BulkyWeb", "BulkyWeb\BulkyWeb.csproj", "{85A6505F-AD15-41DF-9651-FE3DDA8A4CD9}"
EndProject
Global
	GlobalSection(SolutionConfigurationPlatforms) = preSolution
		Debug|Any CPU = Debug|Any CPU
		Release|Any CPU = Release|Any CPU
	EndGlobalSection
	GlobalSection(ProjectConfigurationPlatforms) = postSolution
		{85A6505F-AD15-41DF-9651-FE3DDA8A4CD9}.Debug|Any CPU.ActiveCfg = Debug|Any CPU
		{85A6505F-AD15-41DF-9651-FE3DDA8A4CD9}.Debug|Any CPU.Build.0 = Debug|Any CPU
		{85A6505F-AD15-41DF-9651-FE3DDA8A4CD9}.Release|Any CPU.ActiveCfg = Release|Any CPU
		{85A6505F-AD15-41DF-9651-FE3DDA8A4CD9}.Release|Any CPU.Build.0 = Release|Any CPU
	EndGlobalSection
	GlobalSection(SolutionProperties) = preSolution
		HideSolutionNode = FALSE
	EndGlobalSection
	GlobalSection(ExtensibilityGlobals) = postSolution
		SolutionGuid = {3C2D22BD-6B94-4796-853B-2137ED7C345C}
	EndGlobalSection
EndGlobal
